
Microsoft Visual Studio Solution File, Format Version 12.00
# Visual Studio Version 16
VisualStudioVersion = 16.0.29613.14
MinimumVisualStudioVersion = 10.0.40219.1
Project("{FAE04EC0-301F-11D3-BF4B-00C04F79EFBC}") = "pomodoraetbabouche", "pomodoraetbabouche.csproj", "{11AC16B2-6B57-4B14-9053-B3376093BE7E}"
EndProject
Project("{FAE04EC0-301F-11D3-BF4B-00C04F79EFBC}") = "UnitTestProject1", "..\UnitTestProject1\UnitTestProject1.csproj", "{6C55724F-C063-4474-BBEF-833B9BBCED7C}"
EndProject
Global
	GlobalSection(SolutionConfigurationPlatforms) = preSolution
		Debug|Any CPU = Debug|Any CPU
		Release|Any CPU = Release|Any CPU
	EndGlobalSection
	GlobalSection(ProjectConfigurationPlatforms) = postSolution
		{11AC16B2-6B57-4B14-9053-B3376093BE7E}.Debug|Any CPU.ActiveCfg = Debug|Any CPU
		{11AC16B2-6B57-4B14-9053-B3376093BE7E}.Debug|Any CPU.Build.0 = Debug|Any CPU
		{11AC16B2-6B57-4B14-9053-B3376093BE7E}.Release|Any CPU.ActiveCfg = Release|Any CPU
		{11AC16B2-6B57-4B14-9053-B3376093BE7E}.Release|Any CPU.Build.0 = Release|Any CPU
		{6C55724F-C063-4474-BBEF-833B9BBCED7C}.Debug|Any CPU.ActiveCfg = Debug|Any CPU
		{6C55724F-C063-4474-BBEF-833B9BBCED7C}.Debug|Any CPU.Build.0 = Debug|Any CPU
		{6C55724F-C063-4474-BBEF-833B9BBCED7C}.Release|Any CPU.ActiveCfg = Release|Any CPU
		{6C55724F-C063-4474-BBEF-833B9BBCED7C}.Release|Any CPU.Build.0 = Release|Any CPU
	EndGlobalSection
	GlobalSection(SolutionProperties) = preSolution
		HideSolutionNode = FALSE
	EndGlobalSection
	GlobalSection(ExtensibilityGlobals) = postSolution
		SolutionGuid = {AF37EA34-B1DA-44C5-A247-16E875FA57D7}
	EndGlobalSection
EndGlobal
